
Microsoft Visual Studio Solution File, Format Version 12.00
# Visual Studio Version 17
VisualStudioVersion = 17.1.32210.238
MinimumVisualStudioVersion = 10.0.40219.1
Project("{9A19103F-16F7-4668-BE54-9A1E7A4F7556}") = "HaveIBeenPwned.PwnedPasswords.Downloader", "HaveIBeenPwned.PwnedPasswords.Downloader\HaveIBeenPwned.PwnedPasswords.Downloader.csproj", "{1B0000CD-18C5-4558-99A8-5CE067EC48B9}"
EndProject
Project("{2150E333-8FDC-42A3-9474-1A3956D46DE8}") = "Solution Items", "Solution Items", "{A3E84C9A-AE88-49FB-AC82-E9CD73301952}"
	ProjectSection(SolutionItems) = preProject
		.editorconfig = .editorconfig
		..\.gitignore = ..\.gitignore
		Directory.Build.props = Directory.Build.props
		..\README.md = ..\README.md
	EndProjectSection
EndProject
Project("{2150E333-8FDC-42A3-9474-1A3956D46DE8}") = "GitHubActions", "GitHubActions", "{CD23B601-7DE4-4138-AF31-6D769ECB6B22}"
    ProjectSection(SolutionItems) = preProject
		ci-build.yml = ..\.github\workflows\ci-build.yml
        deploy-package.yml = ..\.github\workflows\deploy-package.yml
	EndProjectSection
EndProject
Global
	GlobalSection(SolutionConfigurationPlatforms) = preSolution
		Debug|Any CPU = Debug|Any CPU
		Release|Any CPU = Release|Any CPU
	EndGlobalSection
	GlobalSection(ProjectConfigurationPlatforms) = postSolution
		{1B0000CD-18C5-4558-99A8-5CE067EC48B9}.Debug|Any CPU.ActiveCfg = Debug|Any CPU
		{1B0000CD-18C5-4558-99A8-5CE067EC48B9}.Debug|Any CPU.Build.0 = Debug|Any CPU
		{1B0000CD-18C5-4558-99A8-5CE067EC48B9}.Release|Any CPU.ActiveCfg = Release|Any CPU
		{1B0000CD-18C5-4558-99A8-5CE067EC48B9}.Release|Any CPU.Build.0 = Release|Any CPU
	EndGlobalSection
	GlobalSection(SolutionProperties) = preSolution
		HideSolutionNode = FALSE
	EndGlobalSection
	GlobalSection(ExtensibilityGlobals) = postSolution
		SolutionGuid = {A543097C-20CE-4838-8545-D6975E595006}
	EndGlobalSection
	GlobalSection(NestedProjects) = preSolution
		{CD23B601-7DE4-4138-AF31-6D769ECB6B22} = {A3E84C9A-AE88-49FB-AC82-E9CD73301952}
	EndGlobalSection
EndGlobal
